
Microsoft Visual Studio Solution File, Format Version 12.00
# Visual Studio Version 16
VisualStudioVersion = 16.0.30011.22
MinimumVisualStudioVersion = 10.0.40219.1
Project("{8BC9CEB8-8B4A-11D0-8D11-00A0C91BC942}") = "bruteforce", "brute-force\brute-force.vcxproj", "{C30026CF-C8DC-4F1F-BC26-67ED53EF2B8D}"
EndProject
Project("{8BC9CEB8-8B4A-11D0-8D11-00A0C91BC942}") = "cryptlib", "packages\cryptopp\cryptlib.vcxproj", "{C39F4B46-6E89-4074-902E-CA57073044D2}"
EndProject
Project("{8BC9CEB8-8B4A-11D0-8D11-00A0C91BC942}") = "unit-tests", "tests\tests.vcxproj", "{0E4E9A33-A705-4F00-AAAA-F73E2DAA1761}"
EndProject
Global
	GlobalSection(SolutionConfigurationPlatforms) = preSolution
		Debug|x64 = Debug|x64
		Debug|x86 = Debug|x86
		DLL-Import Debug|x64 = DLL-Import Debug|x64
		DLL-Import Debug|x86 = DLL-Import Debug|x86
		DLL-Import Release|x64 = DLL-Import Release|x64
		DLL-Import Release|x86 = DLL-Import Release|x86
		Release|x64 = Release|x64
		Release|x86 = Release|x86
	EndGlobalSection
	GlobalSection(ProjectConfigurationPlatforms) = postSolution
		{C30026CF-C8DC-4F1F-BC26-67ED53EF2B8D}.Debug|x64.ActiveCfg = Debug|x64
		{C30026CF-C8DC-4F1F-BC26-67ED53EF2B8D}.Debug|x64.Build.0 = Debug|x64
		{C30026CF-C8DC-4F1F-BC26-67ED53EF2B8D}.Debug|x86.ActiveCfg = Debug|Win32
		{C30026CF-C8DC-4F1F-BC26-67ED53EF2B8D}.Debug|x86.Build.0 = Debug|Win32
		{C30026CF-C8DC-4F1F-BC26-67ED53EF2B8D}.DLL-Import Debug|x64.ActiveCfg = Debug|x64
		{C30026CF-C8DC-4F1F-BC26-67ED53EF2B8D}.DLL-Import Debug|x64.Build.0 = Debug|x64
		{C30026CF-C8DC-4F1F-BC26-67ED53EF2B8D}.DLL-Import Debug|x86.ActiveCfg = Debug|Win32
		{C30026CF-C8DC-4F1F-BC26-67ED53EF2B8D}.DLL-Import Debug|x86.Build.0 = Debug|Win32
		{C30026CF-C8DC-4F1F-BC26-67ED53EF2B8D}.DLL-Import Release|x64.ActiveCfg = Release|x64
		{C30026CF-C8DC-4F1F-BC26-67ED53EF2B8D}.DLL-Import Release|x64.Build.0 = Release|x64
		{C30026CF-C8DC-4F1F-BC26-67ED53EF2B8D}.DLL-Import Release|x86.ActiveCfg = Release|Win32
		{C30026CF-C8DC-4F1F-BC26-67ED53EF2B8D}.DLL-Import Release|x86.Build.0 = Release|Win32
		{C30026CF-C8DC-4F1F-BC26-67ED53EF2B8D}.Release|x64.ActiveCfg = Release|x64
		{C30026CF-C8DC-4F1F-BC26-67ED53EF2B8D}.Release|x64.Build.0 = Release|x64
		{C30026CF-C8DC-4F1F-BC26-67ED53EF2B8D}.Release|x86.ActiveCfg = Release|Win32
		{C30026CF-C8DC-4F1F-BC26-67ED53EF2B8D}.Release|x86.Build.0 = Release|Win32
		{C39F4B46-6E89-4074-902E-CA57073044D2}.Debug|x64.ActiveCfg = Debug|x64
		{C39F4B46-6E89-4074-902E-CA57073044D2}.Debug|x64.Build.0 = Debug|x64
		{C39F4B46-6E89-4074-902E-CA57073044D2}.Debug|x86.ActiveCfg = Debug|Win32
		{C39F4B46-6E89-4074-902E-CA57073044D2}.Debug|x86.Build.0 = Debug|Win32
		{C39F4B46-6E89-4074-902E-CA57073044D2}.DLL-Import Debug|x64.ActiveCfg = DLL-Import Debug|x64
		{C39F4B46-6E89-4074-902E-CA57073044D2}.DLL-Import Debug|x64.Build.0 = DLL-Import Debug|x64
		{C39F4B46-6E89-4074-902E-CA57073044D2}.DLL-Import Debug|x86.ActiveCfg = DLL-Import Debug|Win32
		{C39F4B46-6E89-4074-902E-CA57073044D2}.DLL-Import Debug|x86.Build.0 = DLL-Import Debug|Win32
		{C39F4B46-6E89-4074-902E-CA57073044D2}.DLL-Import Release|x64.ActiveCfg = DLL-Import Release|x64
		{C39F4B46-6E89-4074-902E-CA57073044D2}.DLL-Import Release|x64.Build.0 = DLL-Import Release|x64
		{C39F4B46-6E89-4074-902E-CA57073044D2}.DLL-Import Release|x86.ActiveCfg = DLL-Import Release|Win32
		{C39F4B46-6E89-4074-902E-CA57073044D2}.DLL-Import Release|x86.Build.0 = DLL-Import Release|Win32
		{C39F4B46-6E89-4074-902E-CA57073044D2}.Release|x64.ActiveCfg = Release|x64
		{C39F4B46-6E89-4074-902E-CA57073044D2}.Release|x64.Build.0 = Release|x64
		{C39F4B46-6E89-4074-902E-CA57073044D2}.Release|x86.ActiveCfg = Release|Win32
		{C39F4B46-6E89-4074-902E-CA57073044D2}.Release|x86.Build.0 = Release|Win32
		{0E4E9A33-A705-4F00-AAAA-F73E2DAA1761}.Debug|x64.ActiveCfg = Debug|x64
		{0E4E9A33-A705-4F00-AAAA-F73E2DAA1761}.Debug|x64.Build.0 = Debug|x64
		{0E4E9A33-A705-4F00-AAAA-F73E2DAA1761}.Debug|x86.ActiveCfg = Debug|Win32
		{0E4E9A33-A705-4F00-AAAA-F73E2DAA1761}.Debug|x86.Build.0 = Debug|Win32
		{0E4E9A33-A705-4F00-AAAA-F73E2DAA1761}.DLL-Import Debug|x64.ActiveCfg = Debug|x64
		{0E4E9A33-A705-4F00-AAAA-F73E2DAA1761}.DLL-Import Debug|x64.Build.0 = Debug|x64
		{0E4E9A33-A705-4F00-AAAA-F73E2DAA1761}.DLL-Import Debug|x86.ActiveCfg = Debug|Win32
		{0E4E9A33-A705-4F00-AAAA-F73E2DAA1761}.DLL-Import Debug|x86.Build.0 = Debug|Win32
		{0E4E9A33-A705-4F00-AAAA-F73E2DAA1761}.DLL-Import Release|x64.ActiveCfg = Release|x64
		{0E4E9A33-A705-4F00-AAAA-F73E2DAA1761}.DLL-Import Release|x64.Build.0 = Release|x64
		{0E4E9A33-A705-4F00-AAAA-F73E2DAA1761}.DLL-Import Release|x86.ActiveCfg = Release|Win32
		{0E4E9A33-A705-4F00-AAAA-F73E2DAA1761}.DLL-Import Release|x86.Build.0 = Release|Win32
		{0E4E9A33-A705-4F00-AAAA-F73E2DAA1761}.Release|x64.ActiveCfg = Release|x64
		{0E4E9A33-A705-4F00-AAAA-F73E2DAA1761}.Release|x64.Build.0 = Release|x64
		{0E4E9A33-A705-4F00-AAAA-F73E2DAA1761}.Release|x86.ActiveCfg = Release|Win32
		{0E4E9A33-A705-4F00-AAAA-F73E2DAA1761}.Release|x86.Build.0 = Release|Win32
	EndGlobalSection
	GlobalSection(SolutionProperties) = preSolution
		HideSolutionNode = FALSE
	EndGlobalSection
	GlobalSection(ExtensibilityGlobals) = postSolution
		SolutionGuid = {C2DAAC9D-9F65-42AD-8452-CB2DFE8E3B6F}
	EndGlobalSection
EndGlobal
