
Microsoft Visual Studio Solution File, Format Version 12.00
# Visual Studio Version 16
VisualStudioVersion = 16.0.30011.22
MinimumVisualStudioVersion = 10.0.40219.1
Project("{8BC9CEB8-8B4A-11D0-8D11-00A0C91BC942}") = "ThreadPool", "ThreadPool\ThreadPool.vcxproj", "{6B4061E2-86E4-4697-96C2-A516BA484879}"
EndProject
Project("{8BC9CEB8-8B4A-11D0-8D11-00A0C91BC942}") = "Unit-tests", "Unit-tests\Unit-tests.vcxproj", "{0E4E9A33-A705-4F00-AAAA-F73E2DAA1761}"
EndProject
Global
	GlobalSection(SolutionConfigurationPlatforms) = preSolution
		Debug|x64 = Debug|x64
		Debug|x86 = Debug|x86
		Release|x64 = Release|x64
		Release|x86 = Release|x86
	EndGlobalSection
	GlobalSection(ProjectConfigurationPlatforms) = postSolution
		{6B4061E2-86E4-4697-96C2-A516BA484879}.Debug|x64.ActiveCfg = Debug|x64
		{6B4061E2-86E4-4697-96C2-A516BA484879}.Debug|x64.Build.0 = Debug|x64
		{6B4061E2-86E4-4697-96C2-A516BA484879}.Debug|x86.ActiveCfg = Debug|Win32
		{6B4061E2-86E4-4697-96C2-A516BA484879}.Debug|x86.Build.0 = Debug|Win32
		{6B4061E2-86E4-4697-96C2-A516BA484879}.Release|x64.ActiveCfg = Release|x64
		{6B4061E2-86E4-4697-96C2-A516BA484879}.Release|x64.Build.0 = Release|x64
		{6B4061E2-86E4-4697-96C2-A516BA484879}.Release|x86.ActiveCfg = Release|Win32
		{6B4061E2-86E4-4697-96C2-A516BA484879}.Release|x86.Build.0 = Release|Win32
		{0E4E9A33-A705-4F00-AAAA-F73E2DAA1761}.Debug|x64.ActiveCfg = Debug|x64
		{0E4E9A33-A705-4F00-AAAA-F73E2DAA1761}.Debug|x64.Build.0 = Debug|x64
		{0E4E9A33-A705-4F00-AAAA-F73E2DAA1761}.Debug|x86.ActiveCfg = Debug|Win32
		{0E4E9A33-A705-4F00-AAAA-F73E2DAA1761}.Debug|x86.Build.0 = Debug|Win32
		{0E4E9A33-A705-4F00-AAAA-F73E2DAA1761}.Release|x64.ActiveCfg = Release|x64
		{0E4E9A33-A705-4F00-AAAA-F73E2DAA1761}.Release|x64.Build.0 = Release|x64
		{0E4E9A33-A705-4F00-AAAA-F73E2DAA1761}.Release|x86.ActiveCfg = Release|Win32
		{0E4E9A33-A705-4F00-AAAA-F73E2DAA1761}.Release|x86.Build.0 = Release|Win32
	EndGlobalSection
	GlobalSection(SolutionProperties) = preSolution
		HideSolutionNode = FALSE
	EndGlobalSection
	GlobalSection(ExtensibilityGlobals) = postSolution
		SolutionGuid = {C2DAAC9D-9F65-42AD-8452-CB2DFE8E3B6F}
	EndGlobalSection
EndGlobal
